
Microsoft Visual Studio Solution File, Format Version 12.00
# Visual Studio Version 17
VisualStudioVersion = 17.6.33815.320
MinimumVisualStudioVersion = 10.0.40219.1
Project("{9A19103F-16F7-4668-BE54-9A1E7A4F7556}") = "WebAPI", "WebAPI4\WebAPI.csproj", "{C2CD0FB5-C321-4685-AF0A-84C99EEDB778}"
EndProject
Global
	GlobalSection(SolutionConfigurationPlatforms) = preSolution
		Debug|Any CPU = Debug|Any CPU
		Release|Any CPU = Release|Any CPU
	EndGlobalSection
	GlobalSection(ProjectConfigurationPlatforms) = postSolution
		{C2CD0FB5-C321-4685-AF0A-84C99EEDB778}.Debug|Any CPU.ActiveCfg = Debug|Any CPU
		{C2CD0FB5-C321-4685-AF0A-84C99EEDB778}.Debug|Any CPU.Build.0 = Debug|Any CPU
		{C2CD0FB5-C321-4685-AF0A-84C99EEDB778}.Release|Any CPU.ActiveCfg = Release|Any CPU
		{C2CD0FB5-C321-4685-AF0A-84C99EEDB778}.Release|Any CPU.Build.0 = Release|Any CPU
	EndGlobalSection
	GlobalSection(SolutionProperties) = preSolution
		HideSolutionNode = FALSE
	EndGlobalSection
	GlobalSection(ExtensibilityGlobals) = postSolution
		SolutionGuid = {403F31BA-0CFD-4FA7-BBD9-2DC95891069C}
	EndGlobalSection
EndGlobal
